
Microsoft Visual Studio Solution File, Format Version 12.00
# Visual Studio 15
VisualStudioVersion = 15.0.27703.2018
MinimumVisualStudioVersion = 10.0.40219.1
Project("{FAE04EC0-301F-11D3-BF4B-00C04F79EFBC}") = "DependencyInjectionWithNinject.Entities", "DependencyInjectionWithNinject.Entities\DependencyInjectionWithNinject.Entities.csproj", "{4E61397B-239B-42BD-A28F-31AB4A053C34}"
EndProject
Project("{FAE04EC0-301F-11D3-BF4B-00C04F79EFBC}") = "DependencyInjectionWithNinject.Dal", "DependencyInjectionWithNinject.Dal\DependencyInjectionWithNinject.Dal.csproj", "{14404996-3D96-483E-A3EE-98BA8210F83B}"
EndProject
Project("{FAE04EC0-301F-11D3-BF4B-00C04F79EFBC}") = "DependencyInjectionWithNinject.WebUI", "DependencyInjectionWithNinject.WebUI\DependencyInjectionWithNinject.WebUI.csproj", "{37950D34-DC4B-4B7B-A1E5-28D55E928D24}"
EndProject
Global
	GlobalSection(SolutionConfigurationPlatforms) = preSolution
		Debug|Any CPU = Debug|Any CPU
		Release|Any CPU = Release|Any CPU
	EndGlobalSection
	GlobalSection(ProjectConfigurationPlatforms) = postSolution
		{4E61397B-239B-42BD-A28F-31AB4A053C34}.Debug|Any CPU.ActiveCfg = Debug|Any CPU
		{4E61397B-239B-42BD-A28F-31AB4A053C34}.Debug|Any CPU.Build.0 = Debug|Any CPU
		{4E61397B-239B-42BD-A28F-31AB4A053C34}.Release|Any CPU.ActiveCfg = Release|Any CPU
		{4E61397B-239B-42BD-A28F-31AB4A053C34}.Release|Any CPU.Build.0 = Release|Any CPU
		{14404996-3D96-483E-A3EE-98BA8210F83B}.Debug|Any CPU.ActiveCfg = Debug|Any CPU
		{14404996-3D96-483E-A3EE-98BA8210F83B}.Debug|Any CPU.Build.0 = Debug|Any CPU
		{14404996-3D96-483E-A3EE-98BA8210F83B}.Release|Any CPU.ActiveCfg = Release|Any CPU
		{14404996-3D96-483E-A3EE-98BA8210F83B}.Release|Any CPU.Build.0 = Release|Any CPU
		{37950D34-DC4B-4B7B-A1E5-28D55E928D24}.Debug|Any CPU.ActiveCfg = Debug|Any CPU
		{37950D34-DC4B-4B7B-A1E5-28D55E928D24}.Debug|Any CPU.Build.0 = Debug|Any CPU
		{37950D34-DC4B-4B7B-A1E5-28D55E928D24}.Release|Any CPU.ActiveCfg = Release|Any CPU
		{37950D34-DC4B-4B7B-A1E5-28D55E928D24}.Release|Any CPU.Build.0 = Release|Any CPU
	EndGlobalSection
	GlobalSection(SolutionProperties) = preSolution
		HideSolutionNode = FALSE
	EndGlobalSection
	GlobalSection(ExtensibilityGlobals) = postSolution
		SolutionGuid = {A01F059A-159A-41C5-9431-54AAAD99D4E3}
	EndGlobalSection
EndGlobal
